
Microsoft Visual Studio Solution File, Format Version 12.00
# Visual Studio Version 17
VisualStudioVersion = 17.0.32014.148
MinimumVisualStudioVersion = 10.0.40219.1
Project("{FAE04EC0-301F-11D3-BF4B-00C04F79EFBC}") = "Lista_de_alunos", "Lista_de_alunos\Lista_de_alunos.csproj", "{C621A119-0FE6-489A-BD3F-AF4C78D27561}"
EndProject
Global
	GlobalSection(SolutionConfigurationPlatforms) = preSolution
		Debug|Any CPU = Debug|Any CPU
		Release|Any CPU = Release|Any CPU
	EndGlobalSection
	GlobalSection(ProjectConfigurationPlatforms) = postSolution
		{C621A119-0FE6-489A-BD3F-AF4C78D27561}.Debug|Any CPU.ActiveCfg = Debug|Any CPU
		{C621A119-0FE6-489A-BD3F-AF4C78D27561}.Debug|Any CPU.Build.0 = Debug|Any CPU
		{C621A119-0FE6-489A-BD3F-AF4C78D27561}.Release|Any CPU.ActiveCfg = Release|Any CPU
		{C621A119-0FE6-489A-BD3F-AF4C78D27561}.Release|Any CPU.Build.0 = Release|Any CPU
	EndGlobalSection
	GlobalSection(SolutionProperties) = preSolution
		HideSolutionNode = FALSE
	EndGlobalSection
	GlobalSection(ExtensibilityGlobals) = postSolution
		SolutionGuid = {47F4D120-6FE7-4A3F-93D7-0EDDE79730B9}
	EndGlobalSection
EndGlobal
